<Solution>
  <Folder Name="/src/">
    <Project Path="src/BlackboxModManager.App/BlackboxModManager.App.csproj" />
    <Project Path="src/BlackboxModManager.Core/BlackboxModManager.Core.csproj" />
  </Folder>
  <Folder Name="/tests/">
    <Project Path="tests/BlackboxModManager.Tests/BlackboxModManager.Tests.csproj" />
  </Folder>
  <Folder Name="/third_party/" />
  <Folder Name="/third_party/CoreExtensions/">
    <Project Path="third_party/CoreExtensions/CoreExtensions/CoreExtensions.csproj" />
  </Folder>
  <Folder Name="/third_party/Endscript/">
    <Project Path="third_party/Endscript/Endscript/Endscript.csproj" />
  </Folder>
  <Folder Name="/third_party/Nikki/">
    <Project Path="third_party/Nikki/Nikki/Nikki.csproj" />
  </Folder>
  <Folder Name="/tools/">
    <Project Path="tools/Harness/Harness.csproj" />
  </Folder>
</Solution>
